// !$*UTF8*$!
{
	archiveVersion = 1;
	classes = {
	};
	objectVersion = 56;
	objects = {

/* Begin PBXBuildFile section */
		EF3701C22B528E9600B47173 /* AppDelegate.swift in Sources */ = {isa = PBXBuildFile; fileRef = EF3701C12B528E9600B47173 /* AppDelegate.swift */; };
		EF3701C42B528E9600B47173 /* SceneDelegate.swift in Sources */ = {isa = PBXBuildFile; fileRef = EF3701C32B528E9600B47173 /* SceneDelegate.swift */; };
		EF3701CB2B528E9900B47173 /* Assets.xcassets in Resources */ = {isa = PBXBuildFile; fileRef = EF3701CA2B528E9900B47173 /* Assets.xcassets */; };
		EF3701CE2B528E9900B47173 /* LaunchScreen.storyboard in Resources */ = {isa = PBXBuildFile; fileRef = EF3701CC2B528E9900B47173 /* LaunchScreen.storyboard */; };
		EF3701D62B528FFA00B47173 /* PizzeriaAssembly.swift in Sources */ = {isa = PBXBuildFile; fileRef = EF3701D52B528FFA00B47173 /* PizzeriaAssembly.swift */; };
		EF3701D92B5291FB00B47173 /* MenuAssembly.swift in Sources */ = {isa = PBXBuildFile; fileRef = EF3701D82B5291FB00B47173 /* MenuAssembly.swift */; };
		EF3701DB2B52949500B47173 /* MenuViewController.swift in Sources */ = {isa = PBXBuildFile; fileRef = EF3701DA2B52949500B47173 /* MenuViewController.swift */; };
		EF3701DE2B5295AE00B47173 /* UIViewController+Extensions.swift in Sources */ = {isa = PBXBuildFile; fileRef = EF3701DD2B5295AE00B47173 /* UIViewController+Extensions.swift */; };
		EF3701E42B529FAC00B47173 /* Colors.xcassets in Resources */ = {isa = PBXBuildFile; fileRef = EF3701E32B529FAC00B47173 /* Colors.xcassets */; };
		EF3701E72B52A35A00B47173 /* ContactsAssembly.swift in Sources */ = {isa = PBXBuildFile; fileRef = EF3701E62B52A35A00B47173 /* ContactsAssembly.swift */; };
		EF3701E92B52A3A300B47173 /* ProfileAssembly.swift in Sources */ = {isa = PBXBuildFile; fileRef = EF3701E82B52A3A300B47173 /* ProfileAssembly.swift */; };
		EF3701EB2B52A3AE00B47173 /* CartAssembly.swift in Sources */ = {isa = PBXBuildFile; fileRef = EF3701EA2B52A3AE00B47173 /* CartAssembly.swift */; };
		EF3701ED2B52A42500B47173 /* ContactsController.swift in Sources */ = {isa = PBXBuildFile; fileRef = EF3701EC2B52A42500B47173 /* ContactsController.swift */; };
		EF3701EF2B52A49A00B47173 /* ProfileController.swift in Sources */ = {isa = PBXBuildFile; fileRef = EF3701EE2B52A49A00B47173 /* ProfileController.swift */; };
		EF3701F12B52A52400B47173 /* CartController.swift in Sources */ = {isa = PBXBuildFile; fileRef = EF3701F02B52A52400B47173 /* CartController.swift */; };
		EF3701F72B52D51100B47173 /* UITableView+Extensions.swift in Sources */ = {isa = PBXBuildFile; fileRef = EF3701F62B52D51100B47173 /* UITableView+Extensions.swift */; };
		EF3701F92B52D55C00B47173 /* UITableViewCell+Extensions.swift in Sources */ = {isa = PBXBuildFile; fileRef = EF3701F82B52D55C00B47173 /* UITableViewCell+Extensions.swift */; };
		EF3701FB2B52D62E00B47173 /* MenuCell.swift in Sources */ = {isa = PBXBuildFile; fileRef = EF3701FA2B52D62E00B47173 /* MenuCell.swift */; };
		EF3701FD2B52D66200B47173 /* UIView+Extensions.swift in Sources */ = {isa = PBXBuildFile; fileRef = EF3701FC2B52D66200B47173 /* UIView+Extensions.swift */; };
		EF3701FF2B52D90000B47173 /* UILabel+Extensions.swift in Sources */ = {isa = PBXBuildFile; fileRef = EF3701FE2B52D90000B47173 /* UILabel+Extensions.swift */; };
		EF3702052B5341C000B47173 /* CategoriesView.swift in Sources */ = {isa = PBXBuildFile; fileRef = EF3702042B5341C000B47173 /* CategoriesView.swift */; };
		EF3702072B53431400B47173 /* CategoryButton.swift in Sources */ = {isa = PBXBuildFile; fileRef = EF3702062B53431400B47173 /* CategoryButton.swift */; };
		EF3702092B5348AC00B47173 /* BannersView.swift in Sources */ = {isa = PBXBuildFile; fileRef = EF3702082B5348AC00B47173 /* BannersView.swift */; };
		EF3702242B5429D300B47173 /* MenuPresenter.swift in Sources */ = {isa = PBXBuildFile; fileRef = EF3702232B5429D300B47173 /* MenuPresenter.swift */; };
		EF3702282B542AA500B47173 /* Category.swift in Sources */ = {isa = PBXBuildFile; fileRef = EF3702272B542AA500B47173 /* Category.swift */; };
		EF37022B2B54322300B47173 /* DataManager.swift in Sources */ = {isa = PBXBuildFile; fileRef = EF37022A2B54322300B47173 /* DataManager.swift */; };
		EF8CF0D52B5452FA00586E18 /* NetworkService.swift in Sources */ = {isa = PBXBuildFile; fileRef = EF8CF0D42B5452FA00586E18 /* NetworkService.swift */; };
		EF8CF0D92B54535500586E18 /* NetworkError.swift in Sources */ = {isa = PBXBuildFile; fileRef = EF8CF0D82B54535500586E18 /* NetworkError.swift */; };
		EF8CF0E12B545CA100586E18 /* PersistenceService.swift in Sources */ = {isa = PBXBuildFile; fileRef = EF8CF0E02B545CA100586E18 /* PersistenceService.swift */; };
		EF8CF0E62B54777200586E18 /* Menu.swift in Sources */ = {isa = PBXBuildFile; fileRef = EF8CF0E52B54777200586E18 /* Menu.swift */; };
		EFB9D2742B55CEC900F75A0D /* .swiftlint.yml in Resources */ = {isa = PBXBuildFile; fileRef = EFB9D2732B55CEC900F75A0D /* .swiftlint.yml */; };
/* End PBXBuildFile section */

/* Begin PBXFileReference section */
		EF3701BE2B528E9600B47173 /* Pizzeria.app */ = {isa = PBXFileReference; explicitFileType = wrapper.application; includeInIndex = 0; path = Pizzeria.app; sourceTree = BUILT_PRODUCTS_DIR; };
		EF3701C12B528E9600B47173 /* AppDelegate.swift */ = {isa = PBXFileReference; lastKnownFileType = sourcecode.swift; path = AppDelegate.swift; sourceTree = "<group>"; };
		EF3701C32B528E9600B47173 /* SceneDelegate.swift */ = {isa = PBXFileReference; lastKnownFileType = sourcecode.swift; path = SceneDelegate.swift; sourceTree = "<group>"; };
		EF3701CA2B528E9900B47173 /* Assets.xcassets */ = {isa = PBXFileReference; lastKnownFileType = folder.assetcatalog; path = Assets.xcassets; sourceTree = "<group>"; };
		EF3701CD2B528E9900B47173 /* Base */ = {isa = PBXFileReference; lastKnownFileType = file.storyboard; name = Base; path = Base.lproj/LaunchScreen.storyboard; sourceTree = "<group>"; };
		EF3701CF2B528E9900B47173 /* Info.plist */ = {isa = PBXFileReference; lastKnownFileType = text.plist.xml; path = Info.plist; sourceTree = "<group>"; };
		EF3701D52B528FFA00B47173 /* PizzeriaAssembly.swift */ = {isa = PBXFileReference; lastKnownFileType = sourcecode.swift; path = PizzeriaAssembly.swift; sourceTree = "<group>"; };
		EF3701D82B5291FB00B47173 /* MenuAssembly.swift */ = {isa = PBXFileReference; lastKnownFileType = sourcecode.swift; path = MenuAssembly.swift; sourceTree = "<group>"; };
		EF3701DA2B52949500B47173 /* MenuViewController.swift */ = {isa = PBXFileReference; lastKnownFileType = sourcecode.swift; path = MenuViewController.swift; sourceTree = "<group>"; };
		EF3701DD2B5295AE00B47173 /* UIViewController+Extensions.swift */ = {isa = PBXFileReference; lastKnownFileType = sourcecode.swift; path = "UIViewController+Extensions.swift"; sourceTree = "<group>"; };
		EF3701E32B529FAC00B47173 /* Colors.xcassets */ = {isa = PBXFileReference; lastKnownFileType = folder.assetcatalog; path = Colors.xcassets; sourceTree = "<group>"; };
		EF3701E62B52A35A00B47173 /* ContactsAssembly.swift */ = {isa = PBXFileReference; lastKnownFileType = sourcecode.swift; path = ContactsAssembly.swift; sourceTree = "<group>"; };
		EF3701E82B52A3A300B47173 /* ProfileAssembly.swift */ = {isa = PBXFileReference; lastKnownFileType = sourcecode.swift; path = ProfileAssembly.swift; sourceTree = "<group>"; };
		EF3701EA2B52A3AE00B47173 /* CartAssembly.swift */ = {isa = PBXFileReference; lastKnownFileType = sourcecode.swift; path = CartAssembly.swift; sourceTree = "<group>"; };
		EF3701EC2B52A42500B47173 /* ContactsController.swift */ = {isa = PBXFileReference; lastKnownFileType = sourcecode.swift; path = ContactsController.swift; sourceTree = "<group>"; };
		EF3701EE2B52A49A00B47173 /* ProfileController.swift */ = {isa = PBXFileReference; lastKnownFileType = sourcecode.swift; path = ProfileController.swift; sourceTree = "<group>"; };
		EF3701F02B52A52400B47173 /* CartController.swift */ = {isa = PBXFileReference; lastKnownFileType = sourcecode.swift; path = CartController.swift; sourceTree = "<group>"; };
		EF3701F62B52D51100B47173 /* UITableView+Extensions.swift */ = {isa = PBXFileReference; lastKnownFileType = sourcecode.swift; path = "UITableView+Extensions.swift"; sourceTree = "<group>"; };
		EF3701F82B52D55C00B47173 /* UITableViewCell+Extensions.swift */ = {isa = PBXFileReference; lastKnownFileType = sourcecode.swift; path = "UITableViewCell+Extensions.swift"; sourceTree = "<group>"; };
		EF3701FA2B52D62E00B47173 /* MenuCell.swift */ = {isa = PBXFileReference; lastKnownFileType = sourcecode.swift; path = MenuCell.swift; sourceTree = "<group>"; };
		EF3701FC2B52D66200B47173 /* UIView+Extensions.swift */ = {isa = PBXFileReference; lastKnownFileType = sourcecode.swift; path = "UIView+Extensions.swift"; sourceTree = "<group>"; };
		EF3701FE2B52D90000B47173 /* UILabel+Extensions.swift */ = {isa = PBXFileReference; lastKnownFileType = sourcecode.swift; path = "UILabel+Extensions.swift"; sourceTree = "<group>"; };
		EF3702042B5341C000B47173 /* CategoriesView.swift */ = {isa = PBXFileReference; lastKnownFileType = sourcecode.swift; path = CategoriesView.swift; sourceTree = "<group>"; };
		EF3702062B53431400B47173 /* CategoryButton.swift */ = {isa = PBXFileReference; lastKnownFileType = sourcecode.swift; path = CategoryButton.swift; sourceTree = "<group>"; };
		EF3702082B5348AC00B47173 /* BannersView.swift */ = {isa = PBXFileReference; lastKnownFileType = sourcecode.swift; path = BannersView.swift; sourceTree = "<group>"; };
		EF3702232B5429D300B47173 /* MenuPresenter.swift */ = {isa = PBXFileReference; lastKnownFileType = sourcecode.swift; path = MenuPresenter.swift; sourceTree = "<group>"; };
		EF3702272B542AA500B47173 /* Category.swift */ = {isa = PBXFileReference; lastKnownFileType = sourcecode.swift; path = Category.swift; sourceTree = "<group>"; };
		EF37022A2B54322300B47173 /* DataManager.swift */ = {isa = PBXFileReference; lastKnownFileType = sourcecode.swift; path = DataManager.swift; sourceTree = "<group>"; };
		EF8CF0D42B5452FA00586E18 /* NetworkService.swift */ = {isa = PBXFileReference; lastKnownFileType = sourcecode.swift; path = NetworkService.swift; sourceTree = "<group>"; };
		EF8CF0D82B54535500586E18 /* NetworkError.swift */ = {isa = PBXFileReference; lastKnownFileType = sourcecode.swift; path = NetworkError.swift; sourceTree = "<group>"; };
		EF8CF0E02B545CA100586E18 /* PersistenceService.swift */ = {isa = PBXFileReference; lastKnownFileType = sourcecode.swift; path = PersistenceService.swift; sourceTree = "<group>"; };
		EF8CF0E52B54777200586E18 /* Menu.swift */ = {isa = PBXFileReference; lastKnownFileType = sourcecode.swift; path = Menu.swift; sourceTree = "<group>"; };
		EFB9D2732B55CEC900F75A0D /* .swiftlint.yml */ = {isa = PBXFileReference; lastKnownFileType = text.yaml; path = .swiftlint.yml; sourceTree = "<group>"; };
/* End PBXFileReference section */

/* Begin PBXFrameworksBuildPhase section */
		EF3701BB2B528E9600B47173 /* Frameworks */ = {
			isa = PBXFrameworksBuildPhase;
			buildActionMask = 2147483647;
			files = (
			);
			runOnlyForDeploymentPostprocessing = 0;
		};
/* End PBXFrameworksBuildPhase section */

/* Begin PBXGroup section */
		EF3701B52B528E9600B47173 = {
			isa = PBXGroup;
			children = (
				EF3701C02B528E9600B47173 /* Pizzeria */,
				EFB9D2732B55CEC900F75A0D /* .swiftlint.yml */,
				EF3701BF2B528E9600B47173 /* Products */,
			);
			sourceTree = "<group>";
		};
		EF3701BF2B528E9600B47173 /* Products */ = {
			isa = PBXGroup;
			children = (
				EF3701BE2B528E9600B47173 /* Pizzeria.app */,
			);
			name = Products;
			sourceTree = "<group>";
		};
		EF3701C02B528E9600B47173 /* Pizzeria */ = {
			isa = PBXGroup;
			children = (
				EF37022A2B54322300B47173 /* DataManager.swift */,
				EF8CF0DB2B5453EE00586E18 /* Services */,
				EF3702292B542AC000B47173 /* Models */,
				EF3701F52B52A62100B47173 /* Modules */,
				EF3701DF2B5295BC00B47173 /* Extensions */,
				EF3701D72B52901100B47173 /* Root */,
				EF3701DC2B52950000B47173 /* Supporting Files */,
			);
			path = Pizzeria;
			sourceTree = "<group>";
		};
		EF3701D72B52901100B47173 /* Root */ = {
			isa = PBXGroup;
			children = (
				EF3701C12B528E9600B47173 /* AppDelegate.swift */,
				EF3701C32B528E9600B47173 /* SceneDelegate.swift */,
				EF3701D52B528FFA00B47173 /* PizzeriaAssembly.swift */,
			);
			path = Root;
			sourceTree = "<group>";
		};
		EF3701DC2B52950000B47173 /* Supporting Files */ = {
			isa = PBXGroup;
			children = (
				EF3701CC2B528E9900B47173 /* LaunchScreen.storyboard */,
				EF3701CA2B528E9900B47173 /* Assets.xcassets */,
				EF3701E32B529FAC00B47173 /* Colors.xcassets */,
				EF3701CF2B528E9900B47173 /* Info.plist */,
			);
			path = "Supporting Files";
			sourceTree = "<group>";
		};
		EF3701DF2B5295BC00B47173 /* Extensions */ = {
			isa = PBXGroup;
			children = (
				EF3701DD2B5295AE00B47173 /* UIViewController+Extensions.swift */,
				EF3701F62B52D51100B47173 /* UITableView+Extensions.swift */,
				EF3701F82B52D55C00B47173 /* UITableViewCell+Extensions.swift */,
				EF3701FC2B52D66200B47173 /* UIView+Extensions.swift */,
				EF3701FE2B52D90000B47173 /* UILabel+Extensions.swift */,
			);
			path = Extensions;
			sourceTree = "<group>";
		};
		EF3701E02B5295CF00B47173 /* MenuModule */ = {
			isa = PBXGroup;
			children = (
				EF3701D82B5291FB00B47173 /* MenuAssembly.swift */,
				EF3702232B5429D300B47173 /* MenuPresenter.swift */,
				EF3701E52B52A13C00B47173 /* MenuViews */,
			);
			path = MenuModule;
			sourceTree = "<group>";
		};
		EF3701E52B52A13C00B47173 /* MenuViews */ = {
			isa = PBXGroup;
			children = (
				EF3701DA2B52949500B47173 /* MenuViewController.swift */,
				EF8CF0EB2B557CC800586E18 /* CategoriesView */,
				EF3702082B5348AC00B47173 /* BannersView.swift */,
				EF3701FA2B52D62E00B47173 /* MenuCell.swift */,
			);
			path = MenuViews;
			sourceTree = "<group>";
		};
		EF3701F22B52A5EB00B47173 /* ContactsModule */ = {
			isa = PBXGroup;
			children = (
				EF3701E62B52A35A00B47173 /* ContactsAssembly.swift */,
				EF3701EC2B52A42500B47173 /* ContactsController.swift */,
			);
			path = ContactsModule;
			sourceTree = "<group>";
		};
		EF3701F32B52A60000B47173 /* ProfileModule */ = {
			isa = PBXGroup;
			children = (
				EF3701E82B52A3A300B47173 /* ProfileAssembly.swift */,
				EF3701EE2B52A49A00B47173 /* ProfileController.swift */,
			);
			path = ProfileModule;
			sourceTree = "<group>";
		};
		EF3701F42B52A61000B47173 /* CartModule */ = {
			isa = PBXGroup;
			children = (
				EF3701EA2B52A3AE00B47173 /* CartAssembly.swift */,
				EF3701F02B52A52400B47173 /* CartController.swift */,
			);
			path = CartModule;
			sourceTree = "<group>";
		};
		EF3701F52B52A62100B47173 /* Modules */ = {
			isa = PBXGroup;
			children = (
				EF3701E02B5295CF00B47173 /* MenuModule */,
				EF3701F22B52A5EB00B47173 /* ContactsModule */,
				EF3701F32B52A60000B47173 /* ProfileModule */,
				EF3701F42B52A61000B47173 /* CartModule */,
			);
			path = Modules;
			sourceTree = "<group>";
		};
		EF3702292B542AC000B47173 /* Models */ = {
			isa = PBXGroup;
			children = (
				EF3702272B542AA500B47173 /* Category.swift */,
				EF8CF0E52B54777200586E18 /* Menu.swift */,
			);
			path = Models;
			sourceTree = "<group>";
		};
		EF8CF0DA2B5453DB00586E18 /* Networking */ = {
			isa = PBXGroup;
			children = (
				EF8CF0D42B5452FA00586E18 /* NetworkService.swift */,
				EF8CF0D82B54535500586E18 /* NetworkError.swift */,
			);
			path = Networking;
			sourceTree = "<group>";
		};
		EF8CF0DB2B5453EE00586E18 /* Services */ = {
			isa = PBXGroup;
			children = (
				EF8CF0E22B545CA900586E18 /* Persistence */,
				EF8CF0DA2B5453DB00586E18 /* Networking */,
			);
			path = Services;
			sourceTree = "<group>";
		};
		EF8CF0E22B545CA900586E18 /* Persistence */ = {
			isa = PBXGroup;
			children = (
				EF8CF0E02B545CA100586E18 /* PersistenceService.swift */,
			);
			path = Persistence;
			sourceTree = "<group>";
		};
		EF8CF0EB2B557CC800586E18 /* CategoriesView */ = {
			isa = PBXGroup;
			children = (
				EF3702042B5341C000B47173 /* CategoriesView.swift */,
				EF3702062B53431400B47173 /* CategoryButton.swift */,
			);
			path = CategoriesView;
			sourceTree = "<group>";
		};
/* End PBXGroup section */

/* Begin PBXNativeTarget section */
		EF3701BD2B528E9600B47173 /* Pizzeria */ = {
			isa = PBXNativeTarget;
			buildConfigurationList = EF3701D22B528E9900B47173 /* Build configuration list for PBXNativeTarget "Pizzeria" */;
			buildPhases = (
				EFB9D2702B55CA0500F75A0D /* SwiftLint */,
				EF3701BA2B528E9600B47173 /* Sources */,
				EF3701BB2B528E9600B47173 /* Frameworks */,
				EF3701BC2B528E9600B47173 /* Resources */,
			);
			buildRules = (
			);
			dependencies = (
			);
			name = Pizzeria;
			productName = Pizzeria;
			productReference = EF3701BE2B528E9600B47173 /* Pizzeria.app */;
			productType = "com.apple.product-type.application";
		};
/* End PBXNativeTarget section */

/* Begin PBXProject section */
		EF3701B62B528E9600B47173 /* Project object */ = {
			isa = PBXProject;
			attributes = {
				BuildIndependentTargetsInParallel = 1;
				LastSwiftUpdateCheck = 1520;
				LastUpgradeCheck = 1520;
				TargetAttributes = {
					EF3701BD2B528E9600B47173 = {
						CreatedOnToolsVersion = 15.2;
					};
				};
			};
			buildConfigurationList = EF3701B92B528E9600B47173 /* Build configuration list for PBXProject "Pizzeria" */;
			compatibilityVersion = "Xcode 14.0";
			developmentRegion = en;
			hasScannedForEncodings = 0;
			knownRegions = (
				en,
				Base,
			);
			mainGroup = EF3701B52B528E9600B47173;
			productRefGroup = EF3701BF2B528E9600B47173 /* Products */;
			projectDirPath = "";
			projectRoot = "";
			targets = (
				EF3701BD2B528E9600B47173 /* Pizzeria */,
			);
		};
/* End PBXProject section */

/* Begin PBXResourcesBuildPhase section */
		EF3701BC2B528E9600B47173 /* Resources */ = {
			isa = PBXResourcesBuildPhase;
			buildActionMask = 2147483647;
			files = (
				EFB9D2742B55CEC900F75A0D /* .swiftlint.yml in Resources */,
				EF3701E42B529FAC00B47173 /* Colors.xcassets in Resources */,
				EF3701CE2B528E9900B47173 /* LaunchScreen.storyboard in Resources */,
				EF3701CB2B528E9900B47173 /* Assets.xcassets in Resources */,
			);
			runOnlyForDeploymentPostprocessing = 0;
		};
/* End PBXResourcesBuildPhase section */

/* Begin PBXShellScriptBuildPhase section */
		EFB9D2702B55CA0500F75A0D /* SwiftLint */ = {
			isa = PBXShellScriptBuildPhase;
			alwaysOutOfDate = 1;
			buildActionMask = 2147483647;
			files = (
			);
			inputFileListPaths = (
			);
			inputPaths = (
			);
			name = SwiftLint;
			outputFileListPaths = (
			);
			outputPaths = (
			);
			runOnlyForDeploymentPostprocessing = 0;
			shellPath = /bin/sh;
			shellScript = "if which swiftlint >/dev/null; then\n  swiftlint\nelse\n  echo \"warning SwiftLint not installed, download it from https://github.com/realm/SwiftLint\"\nfi\n";
		};
/* End PBXShellScriptBuildPhase section */

/* Begin PBXSourcesBuildPhase section */
		EF3701BA2B528E9600B47173 /* Sources */ = {
			isa = PBXSourcesBuildPhase;
			buildActionMask = 2147483647;
			files = (
				EF3701DE2B5295AE00B47173 /* UIViewController+Extensions.swift in Sources */,
				EF8CF0D92B54535500586E18 /* NetworkError.swift in Sources */,
				EF3701F12B52A52400B47173 /* CartController.swift in Sources */,
				EF3702072B53431400B47173 /* CategoryButton.swift in Sources */,
				EF8CF0E62B54777200586E18 /* Menu.swift in Sources */,
				EF3702242B5429D300B47173 /* MenuPresenter.swift in Sources */,
				EF3701FF2B52D90000B47173 /* UILabel+Extensions.swift in Sources */,
				EF3702092B5348AC00B47173 /* BannersView.swift in Sources */,
				EF3701E92B52A3A300B47173 /* ProfileAssembly.swift in Sources */,
				EF3701DB2B52949500B47173 /* MenuViewController.swift in Sources */,
				EF3701D92B5291FB00B47173 /* MenuAssembly.swift in Sources */,
				EF3701C22B528E9600B47173 /* AppDelegate.swift in Sources */,
				EF3701FD2B52D66200B47173 /* UIView+Extensions.swift in Sources */,
				EF3701EB2B52A3AE00B47173 /* CartAssembly.swift in Sources */,
				EF3701F92B52D55C00B47173 /* UITableViewCell+Extensions.swift in Sources */,
				EF3701ED2B52A42500B47173 /* ContactsController.swift in Sources */,
				EF3701EF2B52A49A00B47173 /* ProfileController.swift in Sources */,
				EF3701C42B528E9600B47173 /* SceneDelegate.swift in Sources */,
				EF3701FB2B52D62E00B47173 /* MenuCell.swift in Sources */,
				EF3702052B5341C000B47173 /* CategoriesView.swift in Sources */,
				EF3701D62B528FFA00B47173 /* PizzeriaAssembly.swift in Sources */,
				EF37022B2B54322300B47173 /* DataManager.swift in Sources */,
				EF3701E72B52A35A00B47173 /* ContactsAssembly.swift in Sources */,
				EF8CF0E12B545CA100586E18 /* PersistenceService.swift in Sources */,
				EF3701F72B52D51100B47173 /* UITableView+Extensions.swift in Sources */,
				EF8CF0D52B5452FA00586E18 /* NetworkService.swift in Sources */,
				EF3702282B542AA500B47173 /* Category.swift in Sources */,
			);
			runOnlyForDeploymentPostprocessing = 0;
		};
/* End PBXSourcesBuildPhase section */

/* Begin PBXVariantGroup section */
		EF3701CC2B528E9900B47173 /* LaunchScreen.storyboard */ = {
			isa = PBXVariantGroup;
			children = (
				EF3701CD2B528E9900B47173 /* Base */,
			);
			name = LaunchScreen.storyboard;
			sourceTree = "<group>";
		};
/* End PBXVariantGroup section */

/* Begin XCBuildConfiguration section */
		EF3701D02B528E9900B47173 /* Debug */ = {
			isa = XCBuildConfiguration;
			buildSettings = {
				ALWAYS_SEARCH_USER_PATHS = NO;
				ASSETCATALOG_COMPILER_GENERATE_SWIFT_ASSET_SYMBOL_EXTENSIONS = YES;
				CLANG_ANALYZER_NONNULL = YES;
				CLANG_ANALYZER_NUMBER_OBJECT_CONVERSION = YES_AGGRESSIVE;
				CLANG_CXX_LANGUAGE_STANDARD = "gnu++20";
				CLANG_ENABLE_MODULES = YES;
				CLANG_ENABLE_OBJC_ARC = YES;
				CLANG_ENABLE_OBJC_WEAK = YES;
				CLANG_WARN_BLOCK_CAPTURE_AUTORELEASING = YES;
				CLANG_WARN_BOOL_CONVERSION = YES;
				CLANG_WARN_COMMA = YES;
				CLANG_WARN_CONSTANT_CONVERSION = YES;
				CLANG_WARN_DEPRECATED_OBJC_IMPLEMENTATIONS = YES;
				CLANG_WARN_DIRECT_OBJC_ISA_USAGE = YES_ERROR;
				CLANG_WARN_DOCUMENTATION_COMMENTS = YES;
				CLANG_WARN_EMPTY_BODY = YES;
				CLANG_WARN_ENUM_CONVERSION = YES;
				CLANG_WARN_INFINITE_RECURSION = YES;
				CLANG_WARN_INT_CONVERSION = YES;
				CLANG_WARN_NON_LITERAL_NULL_CONVERSION = YES;
				CLANG_WARN_OBJC_IMPLICIT_RETAIN_SELF = YES;
				CLANG_WARN_OBJC_LITERAL_CONVERSION = YES;
				CLANG_WARN_OBJC_ROOT_CLASS = YES_ERROR;
				CLANG_WARN_QUOTED_INCLUDE_IN_FRAMEWORK_HEADER = YES;
				CLANG_WARN_RANGE_LOOP_ANALYSIS = YES;
				CLANG_WARN_STRICT_PROTOTYPES = YES;
				CLANG_WARN_SUSPICIOUS_MOVE = YES;
				CLANG_WARN_UNGUARDED_AVAILABILITY = YES_AGGRESSIVE;
				CLANG_WARN_UNREACHABLE_CODE = YES;
				CLANG_WARN__DUPLICATE_METHOD_MATCH = YES;
				COPY_PHASE_STRIP = NO;
				DEBUG_INFORMATION_FORMAT = dwarf;
				ENABLE_STRICT_OBJC_MSGSEND = YES;
				ENABLE_TESTABILITY = YES;
				ENABLE_USER_SCRIPT_SANDBOXING = YES;
				GCC_C_LANGUAGE_STANDARD = gnu17;
				GCC_DYNAMIC_NO_PIC = NO;
				GCC_NO_COMMON_BLOCKS = YES;
				GCC_OPTIMIZATION_LEVEL = 0;
				GCC_PREPROCESSOR_DEFINITIONS = (
					"DEBUG=1",
					"$(inherited)",
				);
				GCC_WARN_64_TO_32_BIT_CONVERSION = YES;
				GCC_WARN_ABOUT_RETURN_TYPE = YES_ERROR;
				GCC_WARN_UNDECLARED_SELECTOR = YES;
				GCC_WARN_UNINITIALIZED_AUTOS = YES_AGGRESSIVE;
				GCC_WARN_UNUSED_FUNCTION = YES;
				GCC_WARN_UNUSED_VARIABLE = YES;
				IPHONEOS_DEPLOYMENT_TARGET = 15.0;
				LOCALIZATION_PREFERS_STRING_CATALOGS = YES;
				MTL_ENABLE_DEBUG_INFO = INCLUDE_SOURCE;
				MTL_FAST_MATH = YES;
				ONLY_ACTIVE_ARCH = YES;
				SDKROOT = iphoneos;
				SWIFT_ACTIVE_COMPILATION_CONDITIONS = "DEBUG $(inherited)";
				SWIFT_OPTIMIZATION_LEVEL = "-Onone";
			};
			name = Debug;
		};
		EF3701D12B528E9900B47173 /* Release */ = {
			isa = XCBuildConfiguration;
			buildSettings = {
				ALWAYS_SEARCH_USER_PATHS = NO;
				ASSETCATALOG_COMPILER_GENERATE_SWIFT_ASSET_SYMBOL_EXTENSIONS = YES;
				CLANG_ANALYZER_NONNULL = YES;
				CLANG_ANALYZER_NUMBER_OBJECT_CONVERSION = YES_AGGRESSIVE;
				CLANG_CXX_LANGUAGE_STANDARD = "gnu++20";
				CLANG_ENABLE_MODULES = YES;
				CLANG_ENABLE_OBJC_ARC = YES;
				CLANG_ENABLE_OBJC_WEAK = YES;
				CLANG_WARN_BLOCK_CAPTURE_AUTORELEASING = YES;
				CLANG_WARN_BOOL_CONVERSION = YES;
				CLANG_WARN_COMMA = YES;
				CLANG_WARN_CONSTANT_CONVERSION = YES;
				CLANG_WARN_DEPRECATED_OBJC_IMPLEMENTATIONS = YES;
				CLANG_WARN_DIRECT_OBJC_ISA_USAGE = YES_ERROR;
				CLANG_WARN_DOCUMENTATION_COMMENTS = YES;
				CLANG_WARN_EMPTY_BODY = YES;
				CLANG_WARN_ENUM_CONVERSION = YES;
				CLANG_WARN_INFINITE_RECURSION = YES;
				CLANG_WARN_INT_CONVERSION = YES;
				CLANG_WARN_NON_LITERAL_NULL_CONVERSION = YES;
				CLANG_WARN_OBJC_IMPLICIT_RETAIN_SELF = YES;
				CLANG_WARN_OBJC_LITERAL_CONVERSION = YES;
				CLANG_WARN_OBJC_ROOT_CLASS = YES_ERROR;
				CLANG_WARN_QUOTED_INCLUDE_IN_FRAMEWORK_HEADER = YES;
				CLANG_WARN_RANGE_LOOP_ANALYSIS = YES;
				CLANG_WARN_STRICT_PROTOTYPES = YES;
				CLANG_WARN_SUSPICIOUS_MOVE = YES;
				CLANG_WARN_UNGUARDED_AVAILABILITY = YES_AGGRESSIVE;
				CLANG_WARN_UNREACHABLE_CODE = YES;
				CLANG_WARN__DUPLICATE_METHOD_MATCH = YES;
				COPY_PHASE_STRIP = NO;
				DEBUG_INFORMATION_FORMAT = "dwarf-with-dsym";
				ENABLE_NS_ASSERTIONS = NO;
				ENABLE_STRICT_OBJC_MSGSEND = YES;
				ENABLE_USER_SCRIPT_SANDBOXING = YES;
				GCC_C_LANGUAGE_STANDARD = gnu17;
				GCC_NO_COMMON_BLOCKS = YES;
				GCC_WARN_64_TO_32_BIT_CONVERSION = YES;
				GCC_WARN_ABOUT_RETURN_TYPE = YES_ERROR;
				GCC_WARN_UNDECLARED_SELECTOR = YES;
				GCC_WARN_UNINITIALIZED_AUTOS = YES_AGGRESSIVE;
				GCC_WARN_UNUSED_FUNCTION = YES;
				GCC_WARN_UNUSED_VARIABLE = YES;
				IPHONEOS_DEPLOYMENT_TARGET = 15.0;
				LOCALIZATION_PREFERS_STRING_CATALOGS = YES;
				MTL_ENABLE_DEBUG_INFO = NO;
				MTL_FAST_MATH = YES;
				SDKROOT = iphoneos;
				SWIFT_COMPILATION_MODE = wholemodule;
				VALIDATE_PRODUCT = YES;
			};
			name = Release;
		};
		EF3701D32B528E9900B47173 /* Debug */ = {
			isa = XCBuildConfiguration;
			buildSettings = {
				ASSETCATALOG_COMPILER_APPICON_NAME = AppIcon;
				ASSETCATALOG_COMPILER_GLOBAL_ACCENT_COLOR_NAME = AccentColor;
				CODE_SIGN_STYLE = Automatic;
				CURRENT_PROJECT_VERSION = 1;
				DEVELOPMENT_TEAM = FC7PVA7NK7;
				ENABLE_USER_SCRIPT_SANDBOXING = NO;
				GENERATE_INFOPLIST_FILE = YES;
				INFOPLIST_FILE = Pizzeria/Info.plist;
				INFOPLIST_KEY_UIApplicationSupportsIndirectInputEvents = YES;
				INFOPLIST_KEY_UILaunchStoryboardName = LaunchScreen;
				INFOPLIST_KEY_UISupportedInterfaceOrientations = UIInterfaceOrientationPortrait;
				INFOPLIST_KEY_UISupportedInterfaceOrientations_iPad = "UIInterfaceOrientationLandscapeLeft UIInterfaceOrientationLandscapeRight UIInterfaceOrientationPortrait UIInterfaceOrientationPortraitUpsideDown";
				IPHONEOS_DEPLOYMENT_TARGET = 15.0;
				LD_RUNPATH_SEARCH_PATHS = (
					"$(inherited)",
					"@executable_path/Frameworks",
				);
				MARKETING_VERSION = 1.0;
				PRODUCT_BUNDLE_IDENTIFIER = Iurii.Stepanchuk.Pizzeria2;
				PRODUCT_NAME = "$(TARGET_NAME)";
				SUPPORTED_PLATFORMS = "iphoneos iphonesimulator";
				SUPPORTS_MACCATALYST = NO;
				SUPPORTS_MAC_DESIGNED_FOR_IPHONE_IPAD = NO;
				SUPPORTS_XR_DESIGNED_FOR_IPHONE_IPAD = NO;
				SWIFT_EMIT_LOC_STRINGS = YES;
				SWIFT_VERSION = 5.0;
				TARGETED_DEVICE_FAMILY = 1;
			};
			name = Debug;
		};
		EF3701D42B528E9900B47173 /* Release */ = {
			isa = XCBuildConfiguration;
			buildSettings = {
				ASSETCATALOG_COMPILER_APPICON_NAME = AppIcon;
				ASSETCATALOG_COMPILER_GLOBAL_ACCENT_COLOR_NAME = AccentColor;
				CODE_SIGN_STYLE = Automatic;
				CURRENT_PROJECT_VERSION = 1;
				DEVELOPMENT_TEAM = FC7PVA7NK7;
				ENABLE_USER_SCRIPT_SANDBOXING = NO;
				GENERATE_INFOPLIST_FILE = YES;
				INFOPLIST_FILE = Pizzeria/Info.plist;
				INFOPLIST_KEY_UIApplicationSupportsIndirectInputEvents = YES;
				INFOPLIST_KEY_UILaunchStoryboardName = LaunchScreen;
				INFOPLIST_KEY_UISupportedInterfaceOrientations = UIInterfaceOrientationPortrait;
				INFOPLIST_KEY_UISupportedInterfaceOrientations_iPad = "UIInterfaceOrientationLandscapeLeft UIInterfaceOrientationLandscapeRight UIInterfaceOrientationPortrait UIInterfaceOrientationPortraitUpsideDown";
				IPHONEOS_DEPLOYMENT_TARGET = 15.0;
				LD_RUNPATH_SEARCH_PATHS = (
					"$(inherited)",
					"@executable_path/Frameworks",
				);
				MARKETING_VERSION = 1.0;
				PRODUCT_BUNDLE_IDENTIFIER = Iurii.Stepanchuk.Pizzeria2;
				PRODUCT_NAME = "$(TARGET_NAME)";
				SUPPORTED_PLATFORMS = "iphoneos iphonesimulator";
				SUPPORTS_MACCATALYST = NO;
				SUPPORTS_MAC_DESIGNED_FOR_IPHONE_IPAD = NO;
				SUPPORTS_XR_DESIGNED_FOR_IPHONE_IPAD = NO;
				SWIFT_EMIT_LOC_STRINGS = YES;
				SWIFT_VERSION = 5.0;
				TARGETED_DEVICE_FAMILY = 1;
			};
			name = Release;
		};
/* End XCBuildConfiguration section */

/* Begin XCConfigurationList section */
		EF3701B92B528E9600B47173 /* Build configuration list for PBXProject "Pizzeria" */ = {
			isa = XCConfigurationList;
			buildConfigurations = (
				EF3701D02B528E9900B47173 /* Debug */,
				EF3701D12B528E9900B47173 /* Release */,
			);
			defaultConfigurationIsVisible = 0;
			defaultConfigurationName = Release;
		};
		EF3701D22B528E9900B47173 /* Build configuration list for PBXNativeTarget "Pizzeria" */ = {
			isa = XCConfigurationList;
			buildConfigurations = (
				EF3701D32B528E9900B47173 /* Debug */,
				EF3701D42B528E9900B47173 /* Release */,
			);
			defaultConfigurationIsVisible = 0;
			defaultConfigurationName = Release;
		};
/* End XCConfigurationList section */
	};
	rootObject = EF3701B62B528E9600B47173 /* Project object */;
}
